
Microsoft Visual Studio Solution File, Format Version 12.00
# Visual Studio Version 16
VisualStudioVersion = 16.0.30907.101
MinimumVisualStudioVersion = 10.0.40219.1
Project("{FAE04EC0-301F-11D3-BF4B-00C04F79EFBC}") = "lab1Schukin", "lab1Schukin\lab1Schukin.csproj", "{5C99CC42-EE50-4B68-B321-6BFCB5581193}"
EndProject
Global
	GlobalSection(SolutionConfigurationPlatforms) = preSolution
		Debug|Any CPU = Debug|Any CPU
		Release|Any CPU = Release|Any CPU
	EndGlobalSection
	GlobalSection(ProjectConfigurationPlatforms) = postSolution
		{5C99CC42-EE50-4B68-B321-6BFCB5581193}.Debug|Any CPU.ActiveCfg = Debug|Any CPU
		{5C99CC42-EE50-4B68-B321-6BFCB5581193}.Debug|Any CPU.Build.0 = Debug|Any CPU
		{5C99CC42-EE50-4B68-B321-6BFCB5581193}.Release|Any CPU.ActiveCfg = Release|Any CPU
		{5C99CC42-EE50-4B68-B321-6BFCB5581193}.Release|Any CPU.Build.0 = Release|Any CPU
	EndGlobalSection
	GlobalSection(SolutionProperties) = preSolution
		HideSolutionNode = FALSE
	EndGlobalSection
	GlobalSection(ExtensibilityGlobals) = postSolution
		SolutionGuid = {BC4D4E00-E69D-4375-8EB4-ED06656FD48B}
	EndGlobalSection
EndGlobal
